// !$*UTF8*$!
{
	archiveVersion = 1;
	classes = {
	};
	objectVersion = 56;
	objects = {

/* Begin PBXBuildFile section */
		249F33DC2BA763E500061B0B /* AudiNoteApp.swift in Sources */ = {isa = PBXBuildFile; fileRef = 249F33DB2BA763E500061B0B /* AudiNoteApp.swift */; };
		249F33DE2BA763E500061B0B /* ContentView.swift in Sources */ = {isa = PBXBuildFile; fileRef = 249F33DD2BA763E500061B0B /* ContentView.swift */; };
		249F33E02BA763E700061B0B /* Assets.xcassets in Resources */ = {isa = PBXBuildFile; fileRef = 249F33DF2BA763E700061B0B /* Assets.xcassets */; };
		249F33E32BA763E700061B0B /* Preview Assets.xcassets in Resources */ = {isa = PBXBuildFile; fileRef = 249F33E22BA763E700061B0B /* Preview Assets.xcassets */; };
		249F33ED2BA763E700061B0B /* AudiNoteTests.swift in Sources */ = {isa = PBXBuildFile; fileRef = 249F33EC2BA763E700061B0B /* AudiNoteTests.swift */; };
		249F33F72BA763E700061B0B /* AudiNoteUITests.swift in Sources */ = {isa = PBXBuildFile; fileRef = 249F33F62BA763E700061B0B /* AudiNoteUITests.swift */; };
		249F33F92BA763E700061B0B /* AudiNoteUITestsLaunchTests.swift in Sources */ = {isa = PBXBuildFile; fileRef = 249F33F82BA763E700061B0B /* AudiNoteUITestsLaunchTests.swift */; };
/* End PBXBuildFile section */

/* Begin PBXContainerItemProxy section */
		249F33E92BA763E700061B0B /* PBXContainerItemProxy */ = {
			isa = PBXContainerItemProxy;
			containerPortal = 249F33D02BA763E500061B0B /* Project object */;
			proxyType = 1;
			remoteGlobalIDString = 249F33D72BA763E500061B0B;
			remoteInfo = AudiNote;
		};
		249F33F32BA763E700061B0B /* PBXContainerItemProxy */ = {
			isa = PBXContainerItemProxy;
			containerPortal = 249F33D02BA763E500061B0B /* Project object */;
			proxyType = 1;
			remoteGlobalIDString = 249F33D72BA763E500061B0B;
			remoteInfo = AudiNote;
		};
/* End PBXContainerItemProxy section */

/* Begin PBXFileReference section */
		249F33D82BA763E500061B0B /* AudiNote.app */ = {isa = PBXFileReference; explicitFileType = wrapper.application; includeInIndex = 0; path = AudiNote.app; sourceTree = BUILT_PRODUCTS_DIR; };
		249F33DB2BA763E500061B0B /* AudiNoteApp.swift */ = {isa = PBXFileReference; lastKnownFileType = sourcecode.swift; path = AudiNoteApp.swift; sourceTree = "<group>"; };
		249F33DD2BA763E500061B0B /* ContentView.swift */ = {isa = PBXFileReference; lastKnownFileType = sourcecode.swift; path = ContentView.swift; sourceTree = "<group>"; };
		249F33DF2BA763E700061B0B /* Assets.xcassets */ = {isa = PBXFileReference; lastKnownFileType = folder.assetcatalog; path = Assets.xcassets; sourceTree = "<group>"; };
		249F33E22BA763E700061B0B /* Preview Assets.xcassets */ = {isa = PBXFileReference; lastKnownFileType = folder.assetcatalog; path = "Preview Assets.xcassets"; sourceTree = "<group>"; };
		249F33E82BA763E700061B0B /* AudiNoteTests.xctest */ = {isa = PBXFileReference; explicitFileType = wrapper.cfbundle; includeInIndex = 0; path = AudiNoteTests.xctest; sourceTree = BUILT_PRODUCTS_DIR; };
		249F33EC2BA763E700061B0B /* AudiNoteTests.swift */ = {isa = PBXFileReference; lastKnownFileType = sourcecode.swift; path = AudiNoteTests.swift; sourceTree = "<group>"; };
		249F33F22BA763E700061B0B /* AudiNoteUITests.xctest */ = {isa = PBXFileReference; explicitFileType = wrapper.cfbundle; includeInIndex = 0; path = AudiNoteUITests.xctest; sourceTree = BUILT_PRODUCTS_DIR; };
		249F33F62BA763E700061B0B /* AudiNoteUITests.swift */ = {isa = PBXFileReference; lastKnownFileType = sourcecode.swift; path = AudiNoteUITests.swift; sourceTree = "<group>"; };
		249F33F82BA763E700061B0B /* AudiNoteUITestsLaunchTests.swift */ = {isa = PBXFileReference; lastKnownFileType = sourcecode.swift; path = AudiNoteUITestsLaunchTests.swift; sourceTree = "<group>"; };
/* End PBXFileReference section */

/* Begin PBXFrameworksBuildPhase section */
		249F33D52BA763E500061B0B /* Frameworks */ = {
			isa = PBXFrameworksBuildPhase;
			buildActionMask = 2147483647;
			files = (
			);
			runOnlyForDeploymentPostprocessing = 0;
		};
		249F33E52BA763E700061B0B /* Frameworks */ = {
			isa = PBXFrameworksBuildPhase;
			buildActionMask = 2147483647;
			files = (
			);
			runOnlyForDeploymentPostprocessing = 0;
		};
		249F33EF2BA763E700061B0B /* Frameworks */ = {
			isa = PBXFrameworksBuildPhase;
			buildActionMask = 2147483647;
			files = (
			);
			runOnlyForDeploymentPostprocessing = 0;
		};
/* End PBXFrameworksBuildPhase section */

/* Begin PBXGroup section */
		249F33CF2BA763E500061B0B = {
			isa = PBXGroup;
			children = (
				249F33DA2BA763E500061B0B /* AudiNote */,
				249F33EB2BA763E700061B0B /* AudiNoteTests */,
				249F33F52BA763E700061B0B /* AudiNoteUITests */,
				249F33D92BA763E500061B0B /* Products */,
			);
			sourceTree = "<group>";
		};
		249F33D92BA763E500061B0B /* Products */ = {
			isa = PBXGroup;
			children = (
				249F33D82BA763E500061B0B /* AudiNote.app */,
				249F33E82BA763E700061B0B /* AudiNoteTests.xctest */,
				249F33F22BA763E700061B0B /* AudiNoteUITests.xctest */,
			);
			name = Products;
			sourceTree = "<group>";
		};
		249F33DA2BA763E500061B0B /* AudiNote */ = {
			isa = PBXGroup;
			children = (
				249F33DB2BA763E500061B0B /* AudiNoteApp.swift */,
				249F33DD2BA763E500061B0B /* ContentView.swift */,
				249F33DF2BA763E700061B0B /* Assets.xcassets */,
				249F33E12BA763E700061B0B /* Preview Content */,
			);
			path = AudiNote;
			sourceTree = "<group>";
		};
		249F33E12BA763E700061B0B /* Preview Content */ = {
			isa = PBXGroup;
			children = (
				249F33E22BA763E700061B0B /* Preview Assets.xcassets */,
			);
			path = "Preview Content";
			sourceTree = "<group>";
		};
		249F33EB2BA763E700061B0B /* AudiNoteTests */ = {
			isa = PBXGroup;
			children = (
				249F33EC2BA763E700061B0B /* AudiNoteTests.swift */,
			);
			path = AudiNoteTests;
			sourceTree = "<group>";
		};
		249F33F52BA763E700061B0B /* AudiNoteUITests */ = {
			isa = PBXGroup;
			children = (
				249F33F62BA763E700061B0B /* AudiNoteUITests.swift */,
				249F33F82BA763E700061B0B /* AudiNoteUITestsLaunchTests.swift */,
			);
			path = AudiNoteUITests;
			sourceTree = "<group>";
		};
/* End PBXGroup section */

/* Begin PBXNativeTarget section */
		249F33D72BA763E500061B0B /* AudiNote */ = {
			isa = PBXNativeTarget;
			buildConfigurationList = 249F33FC2BA763E700061B0B /* Build configuration list for PBXNativeTarget "AudiNote" */;
			buildPhases = (
				249F33D42BA763E500061B0B /* Sources */,
				249F33D52BA763E500061B0B /* Frameworks */,
				249F33D62BA763E500061B0B /* Resources */,
			);
			buildRules = (
			);
			dependencies = (
			);
			name = AudiNote;
			productName = AudiNote;
			productReference = 249F33D82BA763E500061B0B /* AudiNote.app */;
			productType = "com.apple.product-type.application";
		};
		249F33E72BA763E700061B0B /* AudiNoteTests */ = {
			isa = PBXNativeTarget;
			buildConfigurationList = 249F33FF2BA763E700061B0B /* Build configuration list for PBXNativeTarget "AudiNoteTests" */;
			buildPhases = (
				249F33E42BA763E700061B0B /* Sources */,
				249F33E52BA763E700061B0B /* Frameworks */,
				249F33E62BA763E700061B0B /* Resources */,
			);
			buildRules = (
			);
			dependencies = (
				249F33EA2BA763E700061B0B /* PBXTargetDependency */,
			);
			name = AudiNoteTests;
			productName = AudiNoteTests;
			productReference = 249F33E82BA763E700061B0B /* AudiNoteTests.xctest */;
			productType = "com.apple.product-type.bundle.unit-test";
		};
		249F33F12BA763E700061B0B /* AudiNoteUITests */ = {
			isa = PBXNativeTarget;
			buildConfigurationList = 249F34022BA763E700061B0B /* Build configuration list for PBXNativeTarget "AudiNoteUITests" */;
			buildPhases = (
				249F33EE2BA763E700061B0B /* Sources */,
				249F33EF2BA763E700061B0B /* Frameworks */,
				249F33F02BA763E700061B0B /* Resources */,
			);
			buildRules = (
			);
			dependencies = (
				249F33F42BA763E700061B0B /* PBXTargetDependency */,
			);
			name = AudiNoteUITests;
			productName = AudiNoteUITests;
			productReference = 249F33F22BA763E700061B0B /* AudiNoteUITests.xctest */;
			productType = "com.apple.product-type.bundle.ui-testing";
		};
/* End PBXNativeTarget section */

/* Begin PBXProject section */
		249F33D02BA763E500061B0B /* Project object */ = {
			isa = PBXProject;
			attributes = {
				BuildIndependentTargetsInParallel = 1;
				LastSwiftUpdateCheck = 1520;
				LastUpgradeCheck = 1520;
				TargetAttributes = {
					249F33D72BA763E500061B0B = {
						CreatedOnToolsVersion = 15.2;
					};
					249F33E72BA763E700061B0B = {
						CreatedOnToolsVersion = 15.2;
						TestTargetID = 249F33D72BA763E500061B0B;
					};
					249F33F12BA763E700061B0B = {
						CreatedOnToolsVersion = 15.2;
						TestTargetID = 249F33D72BA763E500061B0B;
					};
				};
			};
			buildConfigurationList = 249F33D32BA763E500061B0B /* Build configuration list for PBXProject "AudiNote" */;
			compatibilityVersion = "Xcode 14.0";
			developmentRegion = en;
			hasScannedForEncodings = 0;
			knownRegions = (
				en,
				Base,
			);
			mainGroup = 249F33CF2BA763E500061B0B;
			productRefGroup = 249F33D92BA763E500061B0B /* Products */;
			projectDirPath = "";
			projectRoot = "";
			targets = (
				249F33D72BA763E500061B0B /* AudiNote */,
				249F33E72BA763E700061B0B /* AudiNoteTests */,
				249F33F12BA763E700061B0B /* AudiNoteUITests */,
			);
		};
/* End PBXProject section */

/* Begin PBXResourcesBuildPhase section */
		249F33D62BA763E500061B0B /* Resources */ = {
			isa = PBXResourcesBuildPhase;
			buildActionMask = 2147483647;
			files = (
				249F33E32BA763E700061B0B /* Preview Assets.xcassets in Resources */,
				249F33E02BA763E700061B0B /* Assets.xcassets in Resources */,
			);
			runOnlyForDeploymentPostprocessing = 0;
		};
		249F33E62BA763E700061B0B /* Resources */ = {
			isa = PBXResourcesBuildPhase;
			buildActionMask = 2147483647;
			files = (
			);
			runOnlyForDeploymentPostprocessing = 0;
		};
		249F33F02BA763E700061B0B /* Resources */ = {
			isa = PBXResourcesBuildPhase;
			buildActionMask = 2147483647;
			files = (
			);
			runOnlyForDeploymentPostprocessing = 0;
		};
/* End PBXResourcesBuildPhase section */

/* Begin PBXSourcesBuildPhase section */
		249F33D42BA763E500061B0B /* Sources */ = {
			isa = PBXSourcesBuildPhase;
			buildActionMask = 2147483647;
			files = (
				249F33DE2BA763E500061B0B /* ContentView.swift in Sources */,
				249F33DC2BA763E500061B0B /* AudiNoteApp.swift in Sources */,
			);
			runOnlyForDeploymentPostprocessing = 0;
		};
		249F33E42BA763E700061B0B /* Sources */ = {
			isa = PBXSourcesBuildPhase;
			buildActionMask = 2147483647;
			files = (
				249F33ED2BA763E700061B0B /* AudiNoteTests.swift in Sources */,
			);
			runOnlyForDeploymentPostprocessing = 0;
		};
		249F33EE2BA763E700061B0B /* Sources */ = {
			isa = PBXSourcesBuildPhase;
			buildActionMask = 2147483647;
			files = (
				249F33F92BA763E700061B0B /* AudiNoteUITestsLaunchTests.swift in Sources */,
				249F33F72BA763E700061B0B /* AudiNoteUITests.swift in Sources */,
			);
			runOnlyForDeploymentPostprocessing = 0;
		};
/* End PBXSourcesBuildPhase section */

/* Begin PBXTargetDependency section */
		249F33EA2BA763E700061B0B /* PBXTargetDependency */ = {
			isa = PBXTargetDependency;
			target = 249F33D72BA763E500061B0B /* AudiNote */;
			targetProxy = 249F33E92BA763E700061B0B /* PBXContainerItemProxy */;
		};
		249F33F42BA763E700061B0B /* PBXTargetDependency */ = {
			isa = PBXTargetDependency;
			target = 249F33D72BA763E500061B0B /* AudiNote */;
			targetProxy = 249F33F32BA763E700061B0B /* PBXContainerItemProxy */;
		};
/* End PBXTargetDependency section */

/* Begin XCBuildConfiguration section */
		249F33FA2BA763E700061B0B /* Debug */ = {
			isa = XCBuildConfiguration;
			buildSettings = {
				ALWAYS_SEARCH_USER_PATHS = NO;
				ASSETCATALOG_COMPILER_GENERATE_SWIFT_ASSET_SYMBOL_EXTENSIONS = YES;
				CLANG_ANALYZER_NONNULL = YES;
				CLANG_ANALYZER_NUMBER_OBJECT_CONVERSION = YES_AGGRESSIVE;
				CLANG_CXX_LANGUAGE_STANDARD = "gnu++20";
				CLANG_ENABLE_MODULES = YES;
				CLANG_ENABLE_OBJC_ARC = YES;
				CLANG_ENABLE_OBJC_WEAK = YES;
				CLANG_WARN_BLOCK_CAPTURE_AUTORELEASING = YES;
				CLANG_WARN_BOOL_CONVERSION = YES;
				CLANG_WARN_COMMA = YES;
				CLANG_WARN_CONSTANT_CONVERSION = YES;
				CLANG_WARN_DEPRECATED_OBJC_IMPLEMENTATIONS = YES;
				CLANG_WARN_DIRECT_OBJC_ISA_USAGE = YES_ERROR;
				CLANG_WARN_DOCUMENTATION_COMMENTS = YES;
				CLANG_WARN_EMPTY_BODY = YES;
				CLANG_WARN_ENUM_CONVERSION = YES;
				CLANG_WARN_INFINITE_RECURSION = YES;
				CLANG_WARN_INT_CONVERSION = YES;
				CLANG_WARN_NON_LITERAL_NULL_CONVERSION = YES;
				CLANG_WARN_OBJC_IMPLICIT_RETAIN_SELF = YES;
				CLANG_WARN_OBJC_LITERAL_CONVERSION = YES;
				CLANG_WARN_OBJC_ROOT_CLASS = YES_ERROR;
				CLANG_WARN_QUOTED_INCLUDE_IN_FRAMEWORK_HEADER = YES;
				CLANG_WARN_RANGE_LOOP_ANALYSIS = YES;
				CLANG_WARN_STRICT_PROTOTYPES = YES;
				CLANG_WARN_SUSPICIOUS_MOVE = YES;
				CLANG_WARN_UNGUARDED_AVAILABILITY = YES_AGGRESSIVE;
				CLANG_WARN_UNREACHABLE_CODE = YES;
				CLANG_WARN__DUPLICATE_METHOD_MATCH = YES;
				COPY_PHASE_STRIP = NO;
				DEBUG_INFORMATION_FORMAT = dwarf;
				ENABLE_STRICT_OBJC_MSGSEND = YES;
				ENABLE_TESTABILITY = YES;
				ENABLE_USER_SCRIPT_SANDBOXING = YES;
				GCC_C_LANGUAGE_STANDARD = gnu17;
				GCC_DYNAMIC_NO_PIC = NO;
				GCC_NO_COMMON_BLOCKS = YES;
				GCC_OPTIMIZATION_LEVEL = 0;
				GCC_PREPROCESSOR_DEFINITIONS = (
					"DEBUG=1",
					"$(inherited)",
				);
				GCC_WARN_64_TO_32_BIT_CONVERSION = YES;
				GCC_WARN_ABOUT_RETURN_TYPE = YES_ERROR;
				GCC_WARN_UNDECLARED_SELECTOR = YES;
				GCC_WARN_UNINITIALIZED_AUTOS = YES_AGGRESSIVE;
				GCC_WARN_UNUSED_FUNCTION = YES;
				GCC_WARN_UNUSED_VARIABLE = YES;
				IPHONEOS_DEPLOYMENT_TARGET = 17.2;
				LOCALIZATION_PREFERS_STRING_CATALOGS = YES;
				MTL_ENABLE_DEBUG_INFO = INCLUDE_SOURCE;
				MTL_FAST_MATH = YES;
				ONLY_ACTIVE_ARCH = YES;
				SDKROOT = iphoneos;
				SWIFT_ACTIVE_COMPILATION_CONDITIONS = "DEBUG $(inherited)";
				SWIFT_OPTIMIZATION_LEVEL = "-Onone";
			};
			name = Debug;
		};
		249F33FB2BA763E700061B0B /* Release */ = {
			isa = XCBuildConfiguration;
			buildSettings = {
				ALWAYS_SEARCH_USER_PATHS = NO;
				ASSETCATALOG_COMPILER_GENERATE_SWIFT_ASSET_SYMBOL_EXTENSIONS = YES;
				CLANG_ANALYZER_NONNULL = YES;
				CLANG_ANALYZER_NUMBER_OBJECT_CONVERSION = YES_AGGRESSIVE;
				CLANG_CXX_LANGUAGE_STANDARD = "gnu++20";
				CLANG_ENABLE_MODULES = YES;
				CLANG_ENABLE_OBJC_ARC = YES;
				CLANG_ENABLE_OBJC_WEAK = YES;
				CLANG_WARN_BLOCK_CAPTURE_AUTORELEASING = YES;
				CLANG_WARN_BOOL_CONVERSION = YES;
				CLANG_WARN_COMMA = YES;
				CLANG_WARN_CONSTANT_CONVERSION = YES;
				CLANG_WARN_DEPRECATED_OBJC_IMPLEMENTATIONS = YES;
				CLANG_WARN_DIRECT_OBJC_ISA_USAGE = YES_ERROR;
				CLANG_WARN_DOCUMENTATION_COMMENTS = YES;
				CLANG_WARN_EMPTY_BODY = YES;
				CLANG_WARN_ENUM_CONVERSION = YES;
				CLANG_WARN_INFINITE_RECURSION = YES;
				CLANG_WARN_INT_CONVERSION = YES;
				CLANG_WARN_NON_LITERAL_NULL_CONVERSION = YES;
				CLANG_WARN_OBJC_IMPLICIT_RETAIN_SELF = YES;
				CLANG_WARN_OBJC_LITERAL_CONVERSION = YES;
				CLANG_WARN_OBJC_ROOT_CLASS = YES_ERROR;
				CLANG_WARN_QUOTED_INCLUDE_IN_FRAMEWORK_HEADER = YES;
				CLANG_WARN_RANGE_LOOP_ANALYSIS = YES;
				CLANG_WARN_STRICT_PROTOTYPES = YES;
				CLANG_WARN_SUSPICIOUS_MOVE = YES;
				CLANG_WARN_UNGUARDED_AVAILABILITY = YES_AGGRESSIVE;
				CLANG_WARN_UNREACHABLE_CODE = YES;
				CLANG_WARN__DUPLICATE_METHOD_MATCH = YES;
				COPY_PHASE_STRIP = NO;
				DEBUG_INFORMATION_FORMAT = "dwarf-with-dsym";
				ENABLE_NS_ASSERTIONS = NO;
				ENABLE_STRICT_OBJC_MSGSEND = YES;
				ENABLE_USER_SCRIPT_SANDBOXING = YES;
				GCC_C_LANGUAGE_STANDARD = gnu17;
				GCC_NO_COMMON_BLOCKS = YES;
				GCC_WARN_64_TO_32_BIT_CONVERSION = YES;
				GCC_WARN_ABOUT_RETURN_TYPE = YES_ERROR;
				GCC_WARN_UNDECLARED_SELECTOR = YES;
				GCC_WARN_UNINITIALIZED_AUTOS = YES_AGGRESSIVE;
				GCC_WARN_UNUSED_FUNCTION = YES;
				GCC_WARN_UNUSED_VARIABLE = YES;
				IPHONEOS_DEPLOYMENT_TARGET = 17.2;
				LOCALIZATION_PREFERS_STRING_CATALOGS = YES;
				MTL_ENABLE_DEBUG_INFO = NO;
				MTL_FAST_MATH = YES;
				SDKROOT = iphoneos;
				SWIFT_COMPILATION_MODE = wholemodule;
				VALIDATE_PRODUCT = YES;
			};
			name = Release;
		};
		249F33FD2BA763E700061B0B /* Debug */ = {
			isa = XCBuildConfiguration;
			buildSettings = {
				ASSETCATALOG_COMPILER_APPICON_NAME = AppIcon;
				ASSETCATALOG_COMPILER_GLOBAL_ACCENT_COLOR_NAME = AccentColor;
				CODE_SIGN_STYLE = Automatic;
				CURRENT_PROJECT_VERSION = 1;
				DEVELOPMENT_ASSET_PATHS = "\"AudiNote/Preview Content\"";
				DEVELOPMENT_TEAM = T5RS4V4R68;
				ENABLE_PREVIEWS = YES;
				GENERATE_INFOPLIST_FILE = YES;
				INFOPLIST_KEY_UIApplicationSceneManifest_Generation = YES;
				INFOPLIST_KEY_UIApplicationSupportsIndirectInputEvents = YES;
				INFOPLIST_KEY_UILaunchScreen_Generation = YES;
				INFOPLIST_KEY_UISupportedInterfaceOrientations_iPad = "UIInterfaceOrientationPortrait UIInterfaceOrientationPortraitUpsideDown UIInterfaceOrientationLandscapeLeft UIInterfaceOrientationLandscapeRight";
				INFOPLIST_KEY_UISupportedInterfaceOrientations_iPhone = "UIInterfaceOrientationPortrait UIInterfaceOrientationLandscapeLeft UIInterfaceOrientationLandscapeRight";
				LD_RUNPATH_SEARCH_PATHS = (
					"$(inherited)",
					"@executable_path/Frameworks",
				);
				MARKETING_VERSION = 1.0;
				PRODUCT_BUNDLE_IDENTIFIER = "Evan-Best.AudiNote";
				PRODUCT_NAME = "$(TARGET_NAME)";
				SWIFT_EMIT_LOC_STRINGS = YES;
				SWIFT_VERSION = 5.0;
				TARGETED_DEVICE_FAMILY = "1,2";
			};
			name = Debug;
		};
		249F33FE2BA763E700061B0B /* Release */ = {
			isa = XCBuildConfiguration;
			buildSettings = {
				ASSETCATALOG_COMPILER_APPICON_NAME = AppIcon;
				ASSETCATALOG_COMPILER_GLOBAL_ACCENT_COLOR_NAME = AccentColor;
				CODE_SIGN_STYLE = Automatic;
				CURRENT_PROJECT_VERSION = 1;
				DEVELOPMENT_ASSET_PATHS = "\"AudiNote/Preview Content\"";
				DEVELOPMENT_TEAM = T5RS4V4R68;
				ENABLE_PREVIEWS = YES;
				GENERATE_INFOPLIST_FILE = YES;
				INFOPLIST_KEY_UIApplicationSceneManifest_Generation = YES;
				INFOPLIST_KEY_UIApplicationSupportsIndirectInputEvents = YES;
				INFOPLIST_KEY_UILaunchScreen_Generation = YES;
				INFOPLIST_KEY_UISupportedInterfaceOrientations_iPad = "UIInterfaceOrientationPortrait UIInterfaceOrientationPortraitUpsideDown UIInterfaceOrientationLandscapeLeft UIInterfaceOrientationLandscapeRight";
				INFOPLIST_KEY_UISupportedInterfaceOrientations_iPhone = "UIInterfaceOrientationPortrait UIInterfaceOrientationLandscapeLeft UIInterfaceOrientationLandscapeRight";
				LD_RUNPATH_SEARCH_PATHS = (
					"$(inherited)",
					"@executable_path/Frameworks",
				);
				MARKETING_VERSION = 1.0;
				PRODUCT_BUNDLE_IDENTIFIER = "Evan-Best.AudiNote";
				PRODUCT_NAME = "$(TARGET_NAME)";
				SWIFT_EMIT_LOC_STRINGS = YES;
				SWIFT_VERSION = 5.0;
				TARGETED_DEVICE_FAMILY = "1,2";
			};
			name = Release;
		};
		249F34002BA763E700061B0B /* Debug */ = {
			isa = XCBuildConfiguration;
			buildSettings = {
				ALWAYS_EMBED_SWIFT_STANDARD_LIBRARIES = YES;
				BUNDLE_LOADER = "$(TEST_HOST)";
				CODE_SIGN_STYLE = Automatic;
				CURRENT_PROJECT_VERSION = 1;
				DEVELOPMENT_TEAM = T5RS4V4R68;
				GENERATE_INFOPLIST_FILE = YES;
				IPHONEOS_DEPLOYMENT_TARGET = 17.2;
				MARKETING_VERSION = 1.0;
				PRODUCT_BUNDLE_IDENTIFIER = "Evan-Best.AudiNoteTests";
				PRODUCT_NAME = "$(TARGET_NAME)";
				SWIFT_EMIT_LOC_STRINGS = NO;
				SWIFT_VERSION = 5.0;
				TARGETED_DEVICE_FAMILY = "1,2";
				TEST_HOST = "$(BUILT_PRODUCTS_DIR)/AudiNote.app/$(BUNDLE_EXECUTABLE_FOLDER_PATH)/AudiNote";
			};
			name = Debug;
		};
		249F34012BA763E700061B0B /* Release */ = {
			isa = XCBuildConfiguration;
			buildSettings = {
				ALWAYS_EMBED_SWIFT_STANDARD_LIBRARIES = YES;
				BUNDLE_LOADER = "$(TEST_HOST)";
				CODE_SIGN_STYLE = Automatic;
				CURRENT_PROJECT_VERSION = 1;
				DEVELOPMENT_TEAM = T5RS4V4R68;
				GENERATE_INFOPLIST_FILE = YES;
				IPHONEOS_DEPLOYMENT_TARGET = 17.2;
				MARKETING_VERSION = 1.0;
				PRODUCT_BUNDLE_IDENTIFIER = "Evan-Best.AudiNoteTests";
				PRODUCT_NAME = "$(TARGET_NAME)";
				SWIFT_EMIT_LOC_STRINGS = NO;
				SWIFT_VERSION = 5.0;
				TARGETED_DEVICE_FAMILY = "1,2";
				TEST_HOST = "$(BUILT_PRODUCTS_DIR)/AudiNote.app/$(BUNDLE_EXECUTABLE_FOLDER_PATH)/AudiNote";
			};
			name = Release;
		};
		249F34032BA763E700061B0B /* Debug */ = {
			isa = XCBuildConfiguration;
			buildSettings = {
				ALWAYS_EMBED_SWIFT_STANDARD_LIBRARIES = YES;
				CODE_SIGN_STYLE = Automatic;
				CURRENT_PROJECT_VERSION = 1;
				DEVELOPMENT_TEAM = T5RS4V4R68;
				GENERATE_INFOPLIST_FILE = YES;
				MARKETING_VERSION = 1.0;
				PRODUCT_BUNDLE_IDENTIFIER = "Evan-Best.AudiNoteUITests";
				PRODUCT_NAME = "$(TARGET_NAME)";
				SWIFT_EMIT_LOC_STRINGS = NO;
				SWIFT_VERSION = 5.0;
				TARGETED_DEVICE_FAMILY = "1,2";
				TEST_TARGET_NAME = AudiNote;
			};
			name = Debug;
		};
		249F34042BA763E700061B0B /* Release */ = {
			isa = XCBuildConfiguration;
			buildSettings = {
				ALWAYS_EMBED_SWIFT_STANDARD_LIBRARIES = YES;
				CODE_SIGN_STYLE = Automatic;
				CURRENT_PROJECT_VERSION = 1;
				DEVELOPMENT_TEAM = T5RS4V4R68;
				GENERATE_INFOPLIST_FILE = YES;
				MARKETING_VERSION = 1.0;
				PRODUCT_BUNDLE_IDENTIFIER = "Evan-Best.AudiNoteUITests";
				PRODUCT_NAME = "$(TARGET_NAME)";
				SWIFT_EMIT_LOC_STRINGS = NO;
				SWIFT_VERSION = 5.0;
				TARGETED_DEVICE_FAMILY = "1,2";
				TEST_TARGET_NAME = AudiNote;
			};
			name = Release;
		};
/* End XCBuildConfiguration section */

/* Begin XCConfigurationList section */
		249F33D32BA763E500061B0B /* Build configuration list for PBXProject "AudiNote" */ = {
			isa = XCConfigurationList;
			buildConfigurations = (
				249F33FA2BA763E700061B0B /* Debug */,
				249F33FB2BA763E700061B0B /* Release */,
			);
			defaultConfigurationIsVisible = 0;
			defaultConfigurationName = Release;
		};
		249F33FC2BA763E700061B0B /* Build configuration list for PBXNativeTarget "AudiNote" */ = {
			isa = XCConfigurationList;
			buildConfigurations = (
				249F33FD2BA763E700061B0B /* Debug */,
				249F33FE2BA763E700061B0B /* Release */,
			);
			defaultConfigurationIsVisible = 0;
			defaultConfigurationName = Release;
		};
		249F33FF2BA763E700061B0B /* Build configuration list for PBXNativeTarget "AudiNoteTests" */ = {
			isa = XCConfigurationList;
			buildConfigurations = (
				249F34002BA763E700061B0B /* Debug */,
				249F34012BA763E700061B0B /* Release */,
			);
			defaultConfigurationIsVisible = 0;
			defaultConfigurationName = Release;
		};
		249F34022BA763E700061B0B /* Build configuration list for PBXNativeTarget "AudiNoteUITests" */ = {
			isa = XCConfigurationList;
			buildConfigurations = (
				249F34032BA763E700061B0B /* Debug */,
				249F34042BA763E700061B0B /* Release */,
			);
			defaultConfigurationIsVisible = 0;
			defaultConfigurationName = Release;
		};
/* End XCConfigurationList section */
	};
	rootObject = 249F33D02BA763E500061B0B /* Project object */;
}
